{
  "nodes": {
    "astro-nvim": {
      "flake": false,
      "locked": {
        "lastModified": 1788549787,
        "narHash": "sha256-68lM+ASSAhQiN4plGpk6QV2y5HS3eOjFc3jZFJxXN9g=",
        "owner": "AstroNvim",
        "repo": "AstroNvim",
        "rev": "aa0545fc8357009fc8a67e6cd93e7f8544e3aba9",
        "type": "github"
      },
      "original": {
        "owner": "AstroNvim",
        "repo": "AstroNvim",
        "type": "github"
      }
    },
    "bme680-mqtt": {
      "inputs": {
        "flake-parts": [
          "flake-parts"
        ],
        "nixpkgs": [
          "nixpkgs"
        ]
      },
      "locked": {
        "lastModified": 1674635899,
        "narHash": "sha256-D5pr5Cfzq604cwG9DXlhUVFDO8VBuXidtxlou4CNFd0=",
        "owner": "Mic92",
        "repo": "bme680-mqtt",
        "rev": "f5c8f25b70cd2c3e41cfc0b2d5a6813e4e55c418",
        "type": "github"
      },
      "original": {
        "owner": "Mic92",
        "repo": "bme680-mqtt",
        "type": "github"
      }
    },
    "buildbot-nix": {
      "inputs": {
        "nixpkgs": [
          "nixpkgs"
        ],
        "treefmt-nix": [
          "treefmt-nix"
        ]
      },
      "locked": {
        "lastModified": 1791099778,
        "narHash": "sha256-YJVz6nO/zhVpjB7sMKw6QzFm5zeQp1c0R7bhPI0KP38=",
        "owner": "Mic92",
        "repo": "buildbot-nix",
        "rev": "99294142c9215baa7871d45b4993502f0858a65a",
        "type": "github"
      },
      "original": {
        "owner": "Mic92",
        "repo": "buildbot-nix",
        "type": "github"
      }
    },
    "clan-core": {
      "inputs": {
        "data-mesher": "data-mesher",
        "disko": [
          "disko"
        ],
        "flake-parts": [
          "flake-parts"
        ],
        "nix-darwin": "nix-darwin",
        "nix-select": "nix-select",
        "nixpkgs": [
          "nixpkgs"
        ],
        "sops-nix": [
          "sops-nix"
        ],
        "systems": "systems",
        "treefmt-nix": [
          "treefmt-nix"
        ]
      },
      "locked": {
        "lastModified": 1791405536,
        "narHash": "sha256-BWaIDjZiiKZoLsmaQbOsI00UE4vaTF2baIYJSfajmck=",
        "ref": "refs/heads/main",
        "rev": "8b9fd720b385de3b6b923bc5cac4ccf3f99cc597",
        "revCount": 15356,
        "type": "git",
        "url": "https://git.clan.lol/clan/clan-core"
      },
      "original": {
        "type": "git",
        "url": "https://git.clan.lol/clan/clan-core"
      }
    },
    "crane": {
      "locked": {
        "lastModified": 1789760033,
        "narHash": "sha256-jtT4yxZpR8seYnlCMMWSSPlFN92zO6ICuZ8pJrmi86k=",
        "owner": "ipetkov",
        "repo": "crane",
        "rev": "73b980519cefc727a5f6cc8e5c0947a2f9be6edd",
        "type": "github"
      },
      "original": {
        "owner": "ipetkov",
        "repo": "crane",
        "type": "github"
      }
    },
    "data-mesher": {
      "inputs": {
        "flake-parts": [
          "clan-core",
          "flake-parts"
        ],
        "nixpkgs": [
          "clan-core",
          "nixpkgs"
        ],
        "treefmt-nix": [
          "clan-core",
          "treefmt-nix"
        ]
      },
      "locked": {
        "lastModified": 1791214452,
        "narHash": "sha256-5dCQfuon+qbWnbqxMI55HdrInZMrzMw9sRmzk+3Ccjg=",
        "rev": "4f7b0d3b73da323c0a68b5d7422f6f19124d0392",
        "type": "tarball",
        "url": "https://git.clan.lol/api/v1/repos/clan/data-mesher/archive/4f7b0d3b73da323c0a68b5d7422f6f19124d0392.tar.gz"
      },
      "original": {
        "type": "tarball",
        "url": "https://git.clan.lol/clan/data-mesher/archive/main.tar.gz"
      }
    },
    "data-mesher_2": {
      "inputs": {
        "flake-parts": "flake-parts_2",
        "nixpkgs": [
          "nether",
          "nixpkgs"
        ],
        "treefmt-nix": "treefmt-nix"
      },
      "locked": {
        "lastModified": 1726067582,
        "narHash": "sha256-YAvfP6wZZuAAz7ZdWEsePDzUM7aQJEGsINkGf76eqvk=",
        "rev": "8e4ee1bf99479544823c89bc6dfbc81abe5a7a50",
        "type": "tarball",
        "url": "https://git.clan.lol/api/v1/repos/clan/data-mesher/archive/8e4ee1bf99479544823c89bc6dfbc81abe5a7a50.tar.gz"
      },
      "original": {
        "type": "tarball",
        "url": "https://git.clan.lol/clan/data-mesher/archive/main.tar.gz"
      }
    },
    "disko": {
      "inputs": {
        "nixpkgs": [
          "nixpkgs"
        ]
      },
      "locked": {
        "lastModified": 1789770686,
        "narHash": "sha256-uZkBR7yHdIKUFB5SZdfgh1qkGfI3XmYmI/lTiquxbck=",
        "owner": "nix-community",
        "repo": "disko",
        "rev": "725ea35e410ad83be4931d1bff7e090eacaf3563",
        "type": "github"
      },
      "original": {
        "owner": "nix-community",
        "repo": "disko",
        "type": "github"
      }
    },
    "fast-flake-update": {
      "inputs": {
        "flake-parts": [
          "flake-parts"
        ],
        "nixpkgs": [
          "nixpkgs"
        ],
        "treefmt-nix": [
          "treefmt-nix"
        ]
      },
      "locked": {
        "lastModified": 1791021790,
        "narHash": "sha256-Abx6VBQEPoNHT0Pl5KO0U0h5gvSxEKb3IcmCxswIGP8=",
        "owner": "Mic92",
        "repo": "fast-flake-update",
        "rev": "75e7875102e9b7afd0f4ee8acc0453e77d3bbdac",
        "type": "github"
      },
      "original": {
        "owner": "Mic92",
        "repo": "fast-flake-update",
        "type": "github"
      }
    },
    "flake-compat": {
      "flake": false,
      "locked": {
        "lastModified": 1767039857,
        "narHash": "sha256-vNpUSpF5Nuw8xvDLj2KCwwksIbjua2LZCqhV1LNRDns=",
        "owner": "NixOS",
        "repo": "flake-compat",
        "rev": "5edf11c44bc78a0d334f6334cdaf7d60d732daab",
        "type": "github"
      },
      "original": {
        "owner": "NixOS",
        "repo": "flake-compat",
        "type": "github"
      }
    },
    "flake-compat_2": {
      "flake": false,
      "locked": {
        "lastModified": 1696426674,
        "narHash": "sha256-kvjfFW7WAETZlt09AgDn1MrtKzP7t90Vf7vypd3OL1U=",
        "owner": "edolstra",
        "repo": "flake-compat",
        "rev": "0f9255e01c2351cc7d116c072cb317785dd33b33",
        "type": "github"
      },
      "original": {
        "owner": "edolstra",
        "repo": "flake-compat",
        "type": "github"
      }
    },
    "flake-parts": {
      "inputs": {
        "nixpkgs-lib": [
          "nixpkgs"
        ]
      },
      "locked": {
        "lastModified": 1790898470,
        "narHash": "sha256-zTwuwezD0w3hpga6a6P8emidzAZFyWqlNeRBlpWOOl8=",
        "owner": "hercules-ci",
        "repo": "flake-parts",
        "rev": "024633cd702b10285db5cb19b40ad48d2399ba60",
        "type": "github"
      },
      "original": {
        "owner": "hercules-ci",
        "repo": "flake-parts",
        "type": "github"
      }
    },
    "flake-parts_2": {
      "inputs": {
        "nixpkgs-lib": [
          "nether",
          "data-mesher",
          "nixpkgs"
        ]
      },
      "locked": {
        "lastModified": 1725234343,
        "narHash": "sha256-+ebgonl3NbiKD2UD0x4BszCZQ6sTfL4xioaM49o5B3Y=",
        "owner": "hercules-ci",
        "repo": "flake-parts",
        "rev": "567b938d64d4b4112ee253b9274472dc3a346eb6",
        "type": "github"
      },
      "original": {
        "owner": "hercules-ci",
        "repo": "flake-parts",
        "type": "github"
      }
    },
    "flake-parts_3": {
      "inputs": {
        "nixpkgs-lib": [
          "nether",
          "nixpkgs"
        ]
      },
      "locked": {
        "lastModified": 1726153070,
        "narHash": "sha256-HO4zgY0ekfwO5bX0QH/3kJ/h4KvUDFZg8YpkNwIbg1U=",
        "owner": "hercules-ci",
        "repo": "flake-parts",
        "rev": "bcef6817a8b2aa20a5a6dbb19b43e63c5bf8619a",
        "type": "github"
      },
      "original": {
        "owner": "hercules-ci",
        "repo": "flake-parts",
        "type": "github"
      }
    },
    "flake-registry": {
      "flake": false,
      "locked": {
        "lastModified": 1789428769,
        "narHash": "sha256-qhIiRTjzwr65WpepkXWGmA4Wwl/PD/gfr3mQqeYORBY=",
        "owner": "NixOS",
        "repo": "flake-registry",
        "rev": "46ea0f17cf6777e156a2be6ae802d9f95d93dd5e",
        "type": "github"
      },
      "original": {
        "owner": "NixOS",
        "repo": "flake-registry",
        "type": "github"
      }
    },
    "flake-utils": {
      "inputs": {
        "systems": "systems_2"
      },
      "locked": {
        "lastModified": 1731533236,
        "narHash": "sha256-l0KFg5HjrsfsO/JpG+r7fRrqm12kzFHyUHqHCVpMMbI=",
        "owner": "numtide",
        "repo": "flake-utils",
        "rev": "11707dc2f618dd54ca8739b309ec4fc024de578b",
        "type": "github"
      },
      "original": {
        "owner": "numtide",
        "repo": "flake-utils",
        "type": "github"
      }
    },
    "hercules-ci-effects": {
      "inputs": {
        "flake-parts": [
          "flake-parts"
        ],
        "nixpkgs": [
          "nixpkgs"
        ]
      },
      "locked": {
        "lastModified": 1789448436,
        "narHash": "sha256-fknJsE4XnFjUfo87T9jyZ15ivJZB/varWvsJMYk0BNY=",
        "owner": "hercules-ci",
        "repo": "hercules-ci-effects",
        "rev": "6c58de7236d1cd634deea07bd15d52c7ce470bd3",
        "type": "github"
      },
      "original": {
        "owner": "hercules-ci",
        "repo": "hercules-ci-effects",
        "type": "github"
      }
    },
    "home-manager": {
      "inputs": {
        "nixpkgs": [
          "nixpkgs"
        ]
      },
      "locked": {
        "lastModified": 1791306979,
        "narHash": "sha256-KuLePuhwJM9NLt/gTLHzXaOoSZKGoB3m7NfXjiQ98HY=",
        "owner": "nix-community",
        "repo": "home-manager",
        "rev": "fae6e9e42c3b762ab47635cddcfaf6f52374a61b",
        "type": "github"
      },
      "original": {
        "owner": "nix-community",
        "repo": "home-manager",
        "type": "github"
      }
    },
    "lanzaboote": {
      "inputs": {
        "crane": "crane",
        "nixpkgs": "nixpkgs",
        "pre-commit": "pre-commit",
        "rust-overlay": "rust-overlay"
      },
      "locked": {
        "lastModified": 1790853984,
        "narHash": "sha256-v5+DBEGnMC6phAf+/Rt7EtxjIDzy+NMKdHJIFJGh5qc=",
        "owner": "nix-community",
        "repo": "lanzaboote",
        "rev": "ba33415d747d8dedd2931af107521634f1f2e8a8",
        "type": "github"
      },
      "original": {
        "owner": "nix-community",
        "repo": "lanzaboote",
        "type": "github"
      }
    },
    "nether": {
      "inputs": {
        "clan-core": [
          "clan-core"
        ],
        "data-mesher": "data-mesher_2",
        "flake-parts": "flake-parts_3",
        "nixpkgs": [
          "nixpkgs"
        ],
        "treefmt-nix": "treefmt-nix_2"
      },
      "locked": {
        "lastModified": 1759305594,
        "narHash": "sha256-qvuGfRjiF8btMo21ng5yoyjTGxN8twZmzJqSbOOUg2I=",
        "owner": "Lassulus",
        "repo": "nether",
        "rev": "fbdb3e43c8e5068ffb50b5027092f178f4778a2f",
        "type": "github"
      },
      "original": {
        "owner": "Lassulus",
        "repo": "nether",
        "type": "github"
      }
    },
    "nix-darwin": {
      "inputs": {
        "nixpkgs": [
          "clan-core",
          "nixpkgs"
        ]
      },
      "locked": {
        "lastModified": 1786845137,
        "narHash": "sha256-oQFip+v0luP8NIxJzmiW4Wu8bILsbFWom5l0zonl8hQ=",
        "owner": "nix-darwin",
        "repo": "nix-darwin",
        "rev": "4cff07de74b50e64bdd68cd4e722ab5b6b35ee48",
        "type": "github"
      },
      "original": {
        "owner": "nix-darwin",
        "repo": "nix-darwin",
        "type": "github"
      }
    },
    "nix-darwin_2": {
      "inputs": {
        "nixpkgs": [
          "nixpkgs"
        ]
      },
      "locked": {
        "lastModified": 1786845137,
        "narHash": "sha256-oQFip+v0luP8NIxJzmiW4Wu8bILsbFWom5l0zonl8hQ=",
        "owner": "LnL7",
        "repo": "nix-darwin",
        "rev": "4cff07de74b50e64bdd68cd4e722ab5b6b35ee48",
        "type": "github"
      },
      "original": {
        "owner": "LnL7",
        "repo": "nix-darwin",
        "type": "github"
      }
    },
    "nix-darwin_3": {
      "inputs": {
        "nixpkgs": [
          "retiolum",
          "nixpkgs"
        ]
      },
      "locked": {
        "lastModified": 1751313918,
        "narHash": "sha256-HsJM3XLa43WpG+665aGEh8iS8AfEwOIQWk3Mke3e7nk=",
        "owner": "nix-darwin",
        "repo": "nix-darwin",
        "rev": "e04a388232d9a6ba56967ce5b53a8a6f713cdfcf",
        "type": "github"
      },
      "original": {
        "owner": "nix-darwin",
        "repo": "nix-darwin",
        "type": "github"
      }
    },
    "nix-index-database": {
      "inputs": {
        "nixpkgs": [
          "nixpkgs"
        ]
      },
      "locked": {
        "lastModified": 1791105314,
        "narHash": "sha256-oTM7QFgRQ+vxBpMBMc7hEYpqBtpXAzXu2xuB/tru84U=",
        "owner": "nix-community",
        "repo": "nix-index-database",
        "rev": "e740bc4e9d8918d7819a51486d5099930c65c72e",
        "type": "github"
      },
      "original": {
        "owner": "nix-community",
        "repo": "nix-index-database",
        "type": "github"
      }
    },
    "nix-ld-rs": {
      "inputs": {
        "flake-compat": "flake-compat_2",
        "flake-utils": [
          "flake-utils"
        ],
        "nixpkgs": [
          "nixpkgs"
        ]
      },
      "locked": {
        "lastModified": 1723871880,
        "narHash": "sha256-HKHx2tDZEcKTKKkhyIDRifJW7a4bxOsWlvIVI1qm+ng=",
        "owner": "nix-community",
        "repo": "nix-ld-rs",
        "rev": "8af5fc9add315c251edea8f659b56fc7836a163f",
        "type": "github"
      },
      "original": {
        "owner": "nix-community",
        "repo": "nix-ld-rs",
        "type": "github"
      }
    },
    "nix-select": {
      "locked": {
        "lastModified": 1763303120,
        "narHash": "sha256-yxcNOha7Cfv2nhVpz9ZXSNKk0R7wt4AiBklJ8D24rVg=",
        "rev": "3d1e3860bef36857a01a2ddecba7cdb0a14c35a9",
        "type": "tarball",
        "url": "https://git.clan.lol/api/v1/repos/clan/nix-select/archive/3d1e3860bef36857a01a2ddecba7cdb0a14c35a9.tar.gz"
      },
      "original": {
        "type": "tarball",
        "url": "https://git.clan.lol/clan/nix-select/archive/main.tar.gz"
      }
    },
    "nixlib": {
      "locked": {
        "lastModified": 1736643958,
        "narHash": "sha256-tmpqTSWVRJVhpvfSN9KXBvKEXplrwKnSZNAoNPf/S/s=",
        "owner": "nix-community",
        "repo": "nixpkgs.lib",
        "rev": "1418bc28a52126761c02dd3d89b2d8ca0f521181",
        "type": "github"
      },
      "original": {
        "owner": "nix-community",
        "repo": "nixpkgs.lib",
        "type": "github"
      }
    },
    "nixos-generators": {
      "inputs": {
        "nixlib": "nixlib",
        "nixpkgs": [
          "nixpkgs"
        ]
      },
      "locked": {
        "lastModified": 1769813415,
        "narHash": "sha256-nnVmNNKBi1YiBNPhKclNYDORoHkuKipoz7EtVnXO50A=",
        "owner": "nix-community",
        "repo": "nixos-generators",
        "rev": "8946737ff703382fda7623b9fab071d037e897d5",
        "type": "github"
      },
      "original": {
        "owner": "nix-community",
        "repo": "nixos-generators",
        "type": "github"
      }
    },
    "nixos-hardware": {
      "inputs": {
        "nixpkgs": "nixpkgs_2"
      },
      "locked": {
        "lastModified": 1791373788,
        "narHash": "sha256-c3oMt0QoE+4yiRk6u1m2L9ogjaUw0uTGn9yk808KkgE=",
        "owner": "NixOS",
        "repo": "nixos-hardware",
        "rev": "4bc63156b109ee7b4103e3ec30565c8c92bde435",
        "type": "github"
      },
      "original": {
        "owner": "NixOS",
        "repo": "nixos-hardware",
        "type": "github"
      }
    },
    "nixos-wiki": {
      "inputs": {
        "disko": [
          "disko"
        ],
        "flake-parts": [
          "flake-parts"
        ],
        "nixpkgs": [
          "nixpkgs"
        ],
        "sops-nix": [
          "sops-nix"
        ],
        "srvos": [
          "srvos"
        ],
        "treefmt-nix": [
          "treefmt-nix"
        ]
      },
      "locked": {
        "lastModified": 1789471546,
        "narHash": "sha256-gFG5Qbsc6vW5qkNnJ7zsh6sI+weE5p35E73LCWKxCvw=",
        "owner": "Mic92",
        "repo": "nixos-wiki-infra",
        "rev": "48063a8eea89c5a532beeef163e1de4a32373ceb",
        "type": "github"
      },
      "original": {
        "owner": "Mic92",
        "repo": "nixos-wiki-infra",
        "type": "github"
      }
    },
    "nixpkgs": {
      "locked": {
        "lastModified": 1790463110,
        "narHash": "sha256-hKlVl12B1dF0Q5vd9dY3lIJM5mFGWYSlXwSLAqHZ1+s=",
        "owner": "NixOS",
        "repo": "nixpkgs",
        "rev": "e158d9ed9b51c98974c5e66e1ba1c9e0255fecaa",
        "type": "github"
      },
      "original": {
        "owner": "NixOS",
        "ref": "nixos-unstable",
        "repo": "nixpkgs",
        "type": "github"
      }
    },
    "nixpkgs_2": {
      "locked": {
        "lastModified": 1789546076,
        "narHash": "sha256-vWkSk5bbfTqdtMoSgD9FshACO8JCvXTFi+3cqEp0mH0=",
        "rev": "b1b875982b17dabde9b4a37f3e229e74913e6db3",
        "type": "tarball",
        "url": "https://releases.nixos.org/nixos/unstable/nixos-26.11pre1074753.b1b875982b17/nixexprs.tar.xz"
      },
      "original": {
        "type": "tarball",
        "url": "https://channels.nixos.org/nixos-unstable/nixexprs.tar.xz"
      }
    },
    "nixpkgs_3": {
      "locked": {
        "lastModified": 1791104349,
        "narHash": "sha256-EksbnAgX+OWxzxAE6VCmMiAThby87G/sqewIXLfMSR0=",
        "owner": "Mic92",
        "repo": "nixpkgs",
        "rev": "7c0a10b72c9f69917b6020f8f4d1d6ef1980b7ec",
        "type": "github"
      },
      "original": {
        "owner": "Mic92",
        "ref": "main",
        "repo": "nixpkgs",
        "type": "github"
      }
    },
    "nixpkgs_4": {
      "locked": {
        "lastModified": 1751949589,
        "narHash": "sha256-mgFxAPLWw0Kq+C8P3dRrZrOYEQXOtKuYVlo9xvPntt8=",
        "owner": "NixOS",
        "repo": "nixpkgs",
        "rev": "9b008d60392981ad674e04016d25619281550a9d",
        "type": "github"
      },
      "original": {
        "owner": "NixOS",
        "ref": "nixpkgs-unstable",
        "repo": "nixpkgs",
        "type": "github"
      }
    },
    "nur-packages": {
      "inputs": {
        "nixpkgs": [
          "nixpkgs"
        ]
      },
      "locked": {
        "lastModified": 1791289443,
        "narHash": "sha256-+/aqFqbFP9KYtQ0gao47gI0dUok1b959uL8fbfzKBps=",
        "owner": "Mic92",
        "repo": "nur-packages",
        "rev": "95b79b5cea3f33bc65dfe3246b93cbf0b3107e60",
        "type": "github"
      },
      "original": {
        "owner": "Mic92",
        "repo": "nur-packages",
        "type": "github"
      }
    },
    "pre-commit": {
      "inputs": {
        "flake-compat": "flake-compat",
        "nixpkgs": [
          "lanzaboote",
          "nixpkgs"
        ]
      },
      "locked": {
        "lastModified": 1790500375,
        "narHash": "sha256-XN3sDtn8TU9hAc9xqZ+SqRB/HHm2wjxM6aSWYLJU+oo=",
        "owner": "cachix",
        "repo": "git-hooks.nix",
        "rev": "a0e4241b51206fbcbf52fd322eb5f0cd80f153c4",
        "type": "github"
      },
      "original": {
        "owner": "cachix",
        "repo": "git-hooks.nix",
        "type": "github"
      }
    },
    "retiolum": {
      "inputs": {
        "nix-darwin": "nix-darwin_3",
        "nixpkgs": "nixpkgs_4"
      },
      "locked": {
        "lastModified": 1781520557,
        "narHash": "sha256-Y+YZ43PGRMCFFntIcm72Iqrb/mtaKmcMHGr91dFkE9k=",
        "owner": "Mic92",
        "repo": "retiolum",
        "rev": "940e6ba573d3dc05e918b9f1d0ac489dfeb05f11",
        "type": "github"
      },
      "original": {
        "owner": "Mic92",
        "repo": "retiolum",
        "type": "github"
      }
    },
    "root": {
      "inputs": {
        "astro-nvim": "astro-nvim",
        "bme680-mqtt": "bme680-mqtt",
        "buildbot-nix": "buildbot-nix",
        "clan-core": "clan-core",
        "disko": "disko",
        "fast-flake-update": "fast-flake-update",
        "flake-parts": "flake-parts",
        "flake-registry": "flake-registry",
        "flake-utils": "flake-utils",
        "hercules-ci-effects": "hercules-ci-effects",
        "home-manager": "home-manager",
        "lanzaboote": "lanzaboote",
        "nether": "nether",
        "nix-darwin": "nix-darwin_2",
        "nix-index-database": "nix-index-database",
        "nix-ld-rs": "nix-ld-rs",
        "nixos-generators": "nixos-generators",
        "nixos-hardware": "nixos-hardware",
        "nixos-wiki": "nixos-wiki",
        "nixpkgs": "nixpkgs_3",
        "nur-packages": "nur-packages",
        "retiolum": "retiolum",
        "sops-nix": "sops-nix",
        "srvos": "srvos",
        "treefmt-nix": "treefmt-nix_3"
      }
    },
    "rust-overlay": {
      "inputs": {
        "nixpkgs": [
          "lanzaboote",
          "nixpkgs"
        ]
      },
      "locked": {
        "lastModified": 1790495762,
        "narHash": "sha256-26FbceKgybcbwkIvs2yHsF5jHcWLEkITYg5g9WPSy64=",
        "owner": "oxalica",
        "repo": "rust-overlay",
        "rev": "edea2d6f98b1e5f64ce5ac21e19a96c603c20b8c",
        "type": "github"
      },
      "original": {
        "owner": "oxalica",
        "repo": "rust-overlay",
        "type": "github"
      }
    },
    "sops-nix": {
      "inputs": {
        "nixpkgs": [
          "nixpkgs"
        ]
      },
      "locked": {
        "lastModified": 1791103873,
        "narHash": "sha256-nFxM+pKoZ8LJAEnUXARyCaOAloWgaW9kZQOSjWzKcTE=",
        "owner": "Mic92",
        "repo": "sops-nix",
        "rev": "dcd241ba97088c22569d1573286e1b9daad340c0",
        "type": "github"
      },
      "original": {
        "owner": "Mic92",
        "repo": "sops-nix",
        "type": "github"
      }
    },
    "srvos": {
      "inputs": {
        "nixpkgs": [
          "nixpkgs"
        ]
      },
      "locked": {
        "lastModified": 1791426562,
        "narHash": "sha256-btWnof8q8a4pguyFS2WHCLZK1l/ZNTtDb7Iu7vwbuSU=",
        "owner": "numtide",
        "repo": "srvos",
        "rev": "cb9ecc7fbfdb9e71876b565c8b346db6ffa6d331",
        "type": "github"
      },
      "original": {
        "owner": "numtide",
        "repo": "srvos",
        "type": "github"
      }
    },
    "systems": {
      "locked": {
        "lastModified": 1791244623,
        "narHash": "sha256-uuanbkFk8a313Zfrxdcz8Us/yQtaxNnKJtX8v0ZPpd8=",
        "owner": "nix-systems",
        "repo": "default",
        "rev": "d36eeed142f88b5a636f2e3856a53c61654cf29b",
        "type": "github"
      },
      "original": {
        "owner": "nix-systems",
        "ref": "future-26.11",
        "repo": "default",
        "type": "github"
      }
    },
    "systems_2": {
      "locked": {
        "lastModified": 1681028828,
        "narHash": "sha256-Vy1rq5AaRuLzOxct8nz4T6wlgyUR7zLU309k9mBC768=",
        "owner": "nix-systems",
        "repo": "default",
        "rev": "da67096a3b9bf56a91d16901293e51ba5b49a27e",
        "type": "github"
      },
      "original": {
        "owner": "nix-systems",
        "repo": "default",
        "type": "github"
      }
    },
    "treefmt-nix": {
      "inputs": {
        "nixpkgs": [
          "nether",
          "data-mesher",
          "nixpkgs"
        ]
      },
      "locked": {
        "lastModified": 1725271838,
        "narHash": "sha256-VcqxWT0O/gMaeWTTjf1r4MOyG49NaNxW4GHTO3xuThE=",
        "owner": "numtide",
        "repo": "treefmt-nix",
        "rev": "9fb342d14b69aefdf46187f6bb80a4a0d97007cd",
        "type": "github"
      },
      "original": {
        "owner": "numtide",
        "repo": "treefmt-nix",
        "type": "github"
      }
    },
    "treefmt-nix_2": {
      "inputs": {
        "nixpkgs": [
          "nether",
          "nixpkgs"
        ]
      },
      "locked": {
        "lastModified": 1725271838,
        "narHash": "sha256-VcqxWT0O/gMaeWTTjf1r4MOyG49NaNxW4GHTO3xuThE=",
        "owner": "numtide",
        "repo": "treefmt-nix",
        "rev": "9fb342d14b69aefdf46187f6bb80a4a0d97007cd",
        "type": "github"
      },
      "original": {
        "owner": "numtide",
        "repo": "treefmt-nix",
        "type": "github"
      }
    },
    "treefmt-nix_3": {
      "inputs": {
        "nixpkgs": [
          "nixpkgs"
        ]
      },
      "locked": {
        "lastModified": 1791440858,
        "narHash": "sha256-7OXThmOkHUYdFfotgtT9wK/Vh0LSpGTiVYVy1bzvPVU=",
        "owner": "numtide",
        "repo": "treefmt-nix",
        "rev": "0585216029b53d58eb9e0b52df274034c6ce26e8",
        "type": "github"
      },
      "original": {
        "owner": "numtide",
        "repo": "treefmt-nix",
        "type": "github"
      }
    }
  },
  "root": "root",
  "version": 7
}
